
Microsoft Visual Studio Solution File, Format Version 10.00
# Visual Studio 2008
Project("{8BC9CEB8-8B4A-11D0-8D11-00A0C91BC942}") = "20140327", "20140327.vcproj", "{6ECF1FE2-13D1-4F93-8DA6-275432A8021C}"
EndProject
Global
	GlobalSection(SolutionConfigurationPlatforms) = preSolution
		Debug|Win32 = Debug|Win32
		Release|Win32 = Release|Win32
	EndGlobalSection
	GlobalSection(ProjectConfigurationPlatforms) = postSolution
		{6ECF1FE2-13D1-4F93-8DA6-275432A8021C}.Debug|Win32.ActiveCfg = Debug|Win32
		{6ECF1FE2-13D1-4F93-8DA6-275432A8021C}.Debug|Win32.Build.0 = Debug|Win32
		{6ECF1FE2-13D1-4F93-8DA6-275432A8021C}.Release|Win32.ActiveCfg = Release|Win32
		{6ECF1FE2-13D1-4F93-8DA6-275432A8021C}.Release|Win32.Build.0 = Release|Win32
	EndGlobalSection
	GlobalSection(SolutionProperties) = preSolution
		HideSolutionNode = FALSE
	EndGlobalSection
EndGlobal
