
Microsoft Visual Studio Solution File, Format Version 10.00
# Visual Studio 2008
Project("{8BC9CEB8-8B4A-11D0-8D11-00A0C91BC942}") = "20140409", "20140409.vcproj", "{C1C690F7-B824-4A20-A053-2E5CD0BAEA95}"
EndProject
Global
	GlobalSection(SolutionConfigurationPlatforms) = preSolution
		Debug|Win32 = Debug|Win32
		Release|Win32 = Release|Win32
	EndGlobalSection
	GlobalSection(ProjectConfigurationPlatforms) = postSolution
		{C1C690F7-B824-4A20-A053-2E5CD0BAEA95}.Debug|Win32.ActiveCfg = Debug|Win32
		{C1C690F7-B824-4A20-A053-2E5CD0BAEA95}.Debug|Win32.Build.0 = Debug|Win32
		{C1C690F7-B824-4A20-A053-2E5CD0BAEA95}.Release|Win32.ActiveCfg = Release|Win32
		{C1C690F7-B824-4A20-A053-2E5CD0BAEA95}.Release|Win32.Build.0 = Release|Win32
	EndGlobalSection
	GlobalSection(SolutionProperties) = preSolution
		HideSolutionNode = FALSE
	EndGlobalSection
EndGlobal
