
Microsoft Visual Studio Solution File, Format Version 10.00
# Visual Studio 2008
Project("{8BC9CEB8-8B4A-11D0-8D11-00A0C91BC942}") = "20140404", "20140404.vcproj", "{AE2B5644-82A0-409A-97F5-F4D7A56098EB}"
EndProject
Global
	GlobalSection(SolutionConfigurationPlatforms) = preSolution
		Debug|Win32 = Debug|Win32
		Release|Win32 = Release|Win32
	EndGlobalSection
	GlobalSection(ProjectConfigurationPlatforms) = postSolution
		{AE2B5644-82A0-409A-97F5-F4D7A56098EB}.Debug|Win32.ActiveCfg = Debug|Win32
		{AE2B5644-82A0-409A-97F5-F4D7A56098EB}.Debug|Win32.Build.0 = Debug|Win32
		{AE2B5644-82A0-409A-97F5-F4D7A56098EB}.Release|Win32.ActiveCfg = Release|Win32
		{AE2B5644-82A0-409A-97F5-F4D7A56098EB}.Release|Win32.Build.0 = Release|Win32
	EndGlobalSection
	GlobalSection(SolutionProperties) = preSolution
		HideSolutionNode = FALSE
	EndGlobalSection
EndGlobal
