
Microsoft Visual Studio Solution File, Format Version 10.00
# Visual Studio 2008
Project("{8BC9CEB8-8B4A-11D0-8D11-00A0C91BC942}") = "20140422", "20140422.vcproj", "{9E86B3EC-6A83-45BA-995B-882AA14F9B5C}"
EndProject
Global
	GlobalSection(SolutionConfigurationPlatforms) = preSolution
		Debug|Win32 = Debug|Win32
		Release|Win32 = Release|Win32
	EndGlobalSection
	GlobalSection(ProjectConfigurationPlatforms) = postSolution
		{9E86B3EC-6A83-45BA-995B-882AA14F9B5C}.Debug|Win32.ActiveCfg = Debug|Win32
		{9E86B3EC-6A83-45BA-995B-882AA14F9B5C}.Debug|Win32.Build.0 = Debug|Win32
		{9E86B3EC-6A83-45BA-995B-882AA14F9B5C}.Release|Win32.ActiveCfg = Release|Win32
		{9E86B3EC-6A83-45BA-995B-882AA14F9B5C}.Release|Win32.Build.0 = Release|Win32
	EndGlobalSection
	GlobalSection(SolutionProperties) = preSolution
		HideSolutionNode = FALSE
	EndGlobalSection
EndGlobal
