
Microsoft Visual Studio Solution File, Format Version 10.00
# Visual Studio 2008
Project("{8BC9CEB8-8B4A-11D0-8D11-00A0C91BC942}") = "20140411", "20140411.vcproj", "{210E02B1-34A0-4CA6-A16B-EAF7F61EC80F}"
EndProject
Global
	GlobalSection(SolutionConfigurationPlatforms) = preSolution
		Debug|Win32 = Debug|Win32
		Release|Win32 = Release|Win32
	EndGlobalSection
	GlobalSection(ProjectConfigurationPlatforms) = postSolution
		{210E02B1-34A0-4CA6-A16B-EAF7F61EC80F}.Debug|Win32.ActiveCfg = Debug|Win32
		{210E02B1-34A0-4CA6-A16B-EAF7F61EC80F}.Debug|Win32.Build.0 = Debug|Win32
		{210E02B1-34A0-4CA6-A16B-EAF7F61EC80F}.Release|Win32.ActiveCfg = Release|Win32
		{210E02B1-34A0-4CA6-A16B-EAF7F61EC80F}.Release|Win32.Build.0 = Release|Win32
	EndGlobalSection
	GlobalSection(SolutionProperties) = preSolution
		HideSolutionNode = FALSE
	EndGlobalSection
EndGlobal
